
Microsoft Visual Studio Solution File, Format Version 11.00
# Visual Studio 2010
Project("{8BC9CEB8-8B4A-11D0-8D11-00A0C91BC942}") = "TestDetour", "TestDetour\TestDetour.vcxproj", "{1300054C-B93E-4BC7-B346-254B90487121}"
EndProject
Project("{8BC9CEB8-8B4A-11D0-8D11-00A0C91BC942}") = "Sigcreator", "Sigcreator\Sigcreator.vcxproj", "{B60AB4A0-BD1C-4F77-81E8-03E64A8D14D3}"
EndProject
Project("{FAE04EC0-301F-11D3-BF4B-00C04F79EFBC}") = "SplitDriver", "SplitDriver\SplitDriver.csproj", "{2554BE0C-597F-4B7C-93B5-0F85853AE57C}"
EndProject
Project("{FAE04EC0-301F-11D3-BF4B-00C04F79EFBC}") = "Syringe", "Syringe\Syringe.csproj", "{3E3A04B3-9347-4395-A22A-C49C9B38F83C}"
EndProject
Project("{FAE04EC0-301F-11D3-BF4B-00C04F79EFBC}") = "InjectorTest", "InjectorTest\InjectorTest.csproj", "{0D7FB4B1-F638-4573-AD0B-8F4BA1BA76CF}"
EndProject
Project("{8BC9CEB8-8B4A-11D0-8D11-00A0C91BC942}") = "TestDirectXHook", "TestDirectXHook\TestDirectXHook.vcxproj", "{D00E7CB7-29B7-45EA-8A37-278267D76CE9}"
EndProject
Global
	GlobalSection(SolutionConfigurationPlatforms) = preSolution
		Debug|Any CPU = Debug|Any CPU
		Debug|Mixed Platforms = Debug|Mixed Platforms
		Debug|Win32 = Debug|Win32
		Debug|x86 = Debug|x86
		Release|Any CPU = Release|Any CPU
		Release|Mixed Platforms = Release|Mixed Platforms
		Release|Win32 = Release|Win32
		Release|x86 = Release|x86
	EndGlobalSection
	GlobalSection(ProjectConfigurationPlatforms) = postSolution
		{1300054C-B93E-4BC7-B346-254B90487121}.Debug|Any CPU.ActiveCfg = Debug|Win32
		{1300054C-B93E-4BC7-B346-254B90487121}.Debug|Mixed Platforms.ActiveCfg = Debug|Win32
		{1300054C-B93E-4BC7-B346-254B90487121}.Debug|Mixed Platforms.Build.0 = Debug|Win32
		{1300054C-B93E-4BC7-B346-254B90487121}.Debug|Win32.ActiveCfg = Debug|Win32
		{1300054C-B93E-4BC7-B346-254B90487121}.Debug|Win32.Build.0 = Debug|Win32
		{1300054C-B93E-4BC7-B346-254B90487121}.Debug|x86.ActiveCfg = Debug|Win32
		{1300054C-B93E-4BC7-B346-254B90487121}.Release|Any CPU.ActiveCfg = Release|Win32
		{1300054C-B93E-4BC7-B346-254B90487121}.Release|Mixed Platforms.ActiveCfg = Release|Win32
		{1300054C-B93E-4BC7-B346-254B90487121}.Release|Mixed Platforms.Build.0 = Release|Win32
		{1300054C-B93E-4BC7-B346-254B90487121}.Release|Win32.ActiveCfg = Release|Win32
		{1300054C-B93E-4BC7-B346-254B90487121}.Release|Win32.Build.0 = Release|Win32
		{1300054C-B93E-4BC7-B346-254B90487121}.Release|x86.ActiveCfg = Release|Win32
		{B60AB4A0-BD1C-4F77-81E8-03E64A8D14D3}.Debug|Any CPU.ActiveCfg = Debug|Win32
		{B60AB4A0-BD1C-4F77-81E8-03E64A8D14D3}.Debug|Mixed Platforms.ActiveCfg = Debug|Win32
		{B60AB4A0-BD1C-4F77-81E8-03E64A8D14D3}.Debug|Mixed Platforms.Build.0 = Debug|Win32
		{B60AB4A0-BD1C-4F77-81E8-03E64A8D14D3}.Debug|Win32.ActiveCfg = Debug|Win32
		{B60AB4A0-BD1C-4F77-81E8-03E64A8D14D3}.Debug|Win32.Build.0 = Debug|Win32
		{B60AB4A0-BD1C-4F77-81E8-03E64A8D14D3}.Debug|x86.ActiveCfg = Debug|Win32
		{B60AB4A0-BD1C-4F77-81E8-03E64A8D14D3}.Release|Any CPU.ActiveCfg = Release|Win32
		{B60AB4A0-BD1C-4F77-81E8-03E64A8D14D3}.Release|Mixed Platforms.ActiveCfg = Release|Win32
		{B60AB4A0-BD1C-4F77-81E8-03E64A8D14D3}.Release|Mixed Platforms.Build.0 = Release|Win32
		{B60AB4A0-BD1C-4F77-81E8-03E64A8D14D3}.Release|Win32.ActiveCfg = Release|Win32
		{B60AB4A0-BD1C-4F77-81E8-03E64A8D14D3}.Release|Win32.Build.0 = Release|Win32
		{B60AB4A0-BD1C-4F77-81E8-03E64A8D14D3}.Release|x86.ActiveCfg = Release|Win32
		{2554BE0C-597F-4B7C-93B5-0F85853AE57C}.Debug|Any CPU.ActiveCfg = Debug|x86
		{2554BE0C-597F-4B7C-93B5-0F85853AE57C}.Debug|Mixed Platforms.ActiveCfg = Debug|x86
		{2554BE0C-597F-4B7C-93B5-0F85853AE57C}.Debug|Mixed Platforms.Build.0 = Debug|x86
		{2554BE0C-597F-4B7C-93B5-0F85853AE57C}.Debug|Win32.ActiveCfg = Debug|x86
		{2554BE0C-597F-4B7C-93B5-0F85853AE57C}.Debug|x86.ActiveCfg = Debug|x86
		{2554BE0C-597F-4B7C-93B5-0F85853AE57C}.Debug|x86.Build.0 = Debug|x86
		{2554BE0C-597F-4B7C-93B5-0F85853AE57C}.Release|Any CPU.ActiveCfg = Release|x86
		{2554BE0C-597F-4B7C-93B5-0F85853AE57C}.Release|Mixed Platforms.ActiveCfg = Release|x86
		{2554BE0C-597F-4B7C-93B5-0F85853AE57C}.Release|Mixed Platforms.Build.0 = Release|x86
		{2554BE0C-597F-4B7C-93B5-0F85853AE57C}.Release|Win32.ActiveCfg = Release|x86
		{2554BE0C-597F-4B7C-93B5-0F85853AE57C}.Release|x86.ActiveCfg = Release|x86
		{2554BE0C-597F-4B7C-93B5-0F85853AE57C}.Release|x86.Build.0 = Release|x86
		{3E3A04B3-9347-4395-A22A-C49C9B38F83C}.Debug|Any CPU.ActiveCfg = Debug|Any CPU
		{3E3A04B3-9347-4395-A22A-C49C9B38F83C}.Debug|Any CPU.Build.0 = Debug|Any CPU
		{3E3A04B3-9347-4395-A22A-C49C9B38F83C}.Debug|Mixed Platforms.ActiveCfg = Debug|Any CPU
		{3E3A04B3-9347-4395-A22A-C49C9B38F83C}.Debug|Mixed Platforms.Build.0 = Debug|Any CPU
		{3E3A04B3-9347-4395-A22A-C49C9B38F83C}.Debug|Win32.ActiveCfg = Debug|Any CPU
		{3E3A04B3-9347-4395-A22A-C49C9B38F83C}.Debug|x86.ActiveCfg = Debug|Any CPU
		{3E3A04B3-9347-4395-A22A-C49C9B38F83C}.Release|Any CPU.ActiveCfg = Release|Any CPU
		{3E3A04B3-9347-4395-A22A-C49C9B38F83C}.Release|Any CPU.Build.0 = Release|Any CPU
		{3E3A04B3-9347-4395-A22A-C49C9B38F83C}.Release|Mixed Platforms.ActiveCfg = Release|Any CPU
		{3E3A04B3-9347-4395-A22A-C49C9B38F83C}.Release|Mixed Platforms.Build.0 = Release|Any CPU
		{3E3A04B3-9347-4395-A22A-C49C9B38F83C}.Release|Win32.ActiveCfg = Release|Any CPU
		{3E3A04B3-9347-4395-A22A-C49C9B38F83C}.Release|x86.ActiveCfg = Release|Any CPU
		{0D7FB4B1-F638-4573-AD0B-8F4BA1BA76CF}.Debug|Any CPU.ActiveCfg = Debug|x86
		{0D7FB4B1-F638-4573-AD0B-8F4BA1BA76CF}.Debug|Mixed Platforms.ActiveCfg = Debug|x86
		{0D7FB4B1-F638-4573-AD0B-8F4BA1BA76CF}.Debug|Mixed Platforms.Build.0 = Debug|x86
		{0D7FB4B1-F638-4573-AD0B-8F4BA1BA76CF}.Debug|Win32.ActiveCfg = Debug|x86
		{0D7FB4B1-F638-4573-AD0B-8F4BA1BA76CF}.Debug|x86.ActiveCfg = Debug|x86
		{0D7FB4B1-F638-4573-AD0B-8F4BA1BA76CF}.Debug|x86.Build.0 = Debug|x86
		{0D7FB4B1-F638-4573-AD0B-8F4BA1BA76CF}.Release|Any CPU.ActiveCfg = Release|x86
		{0D7FB4B1-F638-4573-AD0B-8F4BA1BA76CF}.Release|Mixed Platforms.ActiveCfg = Release|x86
		{0D7FB4B1-F638-4573-AD0B-8F4BA1BA76CF}.Release|Mixed Platforms.Build.0 = Release|x86
		{0D7FB4B1-F638-4573-AD0B-8F4BA1BA76CF}.Release|Win32.ActiveCfg = Release|x86
		{0D7FB4B1-F638-4573-AD0B-8F4BA1BA76CF}.Release|x86.ActiveCfg = Release|x86
		{0D7FB4B1-F638-4573-AD0B-8F4BA1BA76CF}.Release|x86.Build.0 = Release|x86
		{D00E7CB7-29B7-45EA-8A37-278267D76CE9}.Debug|Any CPU.ActiveCfg = Debug|Win32
		{D00E7CB7-29B7-45EA-8A37-278267D76CE9}.Debug|Mixed Platforms.ActiveCfg = Debug|Win32
		{D00E7CB7-29B7-45EA-8A37-278267D76CE9}.Debug|Mixed Platforms.Build.0 = Debug|Win32
		{D00E7CB7-29B7-45EA-8A37-278267D76CE9}.Debug|Win32.ActiveCfg = Debug|Win32
		{D00E7CB7-29B7-45EA-8A37-278267D76CE9}.Debug|Win32.Build.0 = Debug|Win32
		{D00E7CB7-29B7-45EA-8A37-278267D76CE9}.Debug|x86.ActiveCfg = Debug|Win32
		{D00E7CB7-29B7-45EA-8A37-278267D76CE9}.Release|Any CPU.ActiveCfg = Release|Win32
		{D00E7CB7-29B7-45EA-8A37-278267D76CE9}.Release|Mixed Platforms.ActiveCfg = Release|Win32
		{D00E7CB7-29B7-45EA-8A37-278267D76CE9}.Release|Mixed Platforms.Build.0 = Release|Win32
		{D00E7CB7-29B7-45EA-8A37-278267D76CE9}.Release|Win32.ActiveCfg = Release|Win32
		{D00E7CB7-29B7-45EA-8A37-278267D76CE9}.Release|Win32.Build.0 = Release|Win32
		{D00E7CB7-29B7-45EA-8A37-278267D76CE9}.Release|x86.ActiveCfg = Release|Win32
	EndGlobalSection
	GlobalSection(SolutionProperties) = preSolution
		HideSolutionNode = FALSE
	EndGlobalSection
EndGlobal
